
Microsoft Visual Studio Solution File, Format Version 12.00
Project("{FAE04EC0-301F-11D3-BF4B-00C04F79EFBC}") = "CharodyndaApp", "CharodyndaApp\CharodyndaApp.csproj", "{1AFE6745-4CCB-4291-A8E8-14FF0D840A2E}"
EndProject
Project("{FAE04EC0-301F-11D3-BF4B-00C04F79EFBC}") = "CharoTests", "CharoTests\CharoTests.csproj", "{F7A8FCAD-5C2C-4385-8C7E-2A763A81E2EA}"
EndProject
Project("{FAE04EC0-301F-11D3-BF4B-00C04F79EFBC}") = "Charodynda.Domain", "Charodynda.Domain\Charodynda.Domain.csproj", "{C7BEE1B5-FCE2-470B-9484-13E2F33FB331}"
EndProject
Project("{FAE04EC0-301F-11D3-BF4B-00C04F79EFBC}") = "Charodynda.Infrastructure", "Charodynda.Infrastructure\Charodynda.Infrastructure.csproj", "{3598B72D-B2C2-4BA7-82F8-434104F1C4B2}"
EndProject
Project("{FAE04EC0-301F-11D3-BF4B-00C04F79EFBC}") = "Charodynda.ConsoleTesting", "Charodynda.ConsoleTesting\Charodynda.ConsoleTesting.csproj", "{216CC509-38E1-4D35-8047-FE6A36FC2D5B}"
EndProject
Project("{FAE04EC0-301F-11D3-BF4B-00C04F79EFBC}") = "Charodynda.Application", "Charodynda.Application\Charodynda.Application.csproj", "{EDEF5149-3629-4715-AA51-1BE74E50E8A4}"
	ProjectSection(ProjectDependencies) = postProject
		{608C689C-799D-47E8-92E6-912B8F8ECDB9} = {608C689C-799D-47E8-92E6-912B8F8ECDB9}
	EndProjectSection
EndProject
Global
	GlobalSection(SolutionConfigurationPlatforms) = preSolution
		Debug|Any CPU = Debug|Any CPU
		Release|Any CPU = Release|Any CPU
	EndGlobalSection
	GlobalSection(ProjectConfigurationPlatforms) = postSolution
		{1AFE6745-4CCB-4291-A8E8-14FF0D840A2E}.Debug|Any CPU.ActiveCfg = Debug|Any CPU
		{1AFE6745-4CCB-4291-A8E8-14FF0D840A2E}.Debug|Any CPU.Build.0 = Debug|Any CPU
		{1AFE6745-4CCB-4291-A8E8-14FF0D840A2E}.Release|Any CPU.ActiveCfg = Release|Any CPU
		{1AFE6745-4CCB-4291-A8E8-14FF0D840A2E}.Release|Any CPU.Build.0 = Release|Any CPU
		{F7A8FCAD-5C2C-4385-8C7E-2A763A81E2EA}.Debug|Any CPU.ActiveCfg = Debug|Any CPU
		{F7A8FCAD-5C2C-4385-8C7E-2A763A81E2EA}.Debug|Any CPU.Build.0 = Debug|Any CPU
		{F7A8FCAD-5C2C-4385-8C7E-2A763A81E2EA}.Release|Any CPU.ActiveCfg = Release|Any CPU
		{F7A8FCAD-5C2C-4385-8C7E-2A763A81E2EA}.Release|Any CPU.Build.0 = Release|Any CPU
		{C7BEE1B5-FCE2-470B-9484-13E2F33FB331}.Debug|Any CPU.ActiveCfg = Debug|Any CPU
		{C7BEE1B5-FCE2-470B-9484-13E2F33FB331}.Debug|Any CPU.Build.0 = Debug|Any CPU
		{C7BEE1B5-FCE2-470B-9484-13E2F33FB331}.Release|Any CPU.ActiveCfg = Release|Any CPU
		{C7BEE1B5-FCE2-470B-9484-13E2F33FB331}.Release|Any CPU.Build.0 = Release|Any CPU
		{1263A1AC-10E9-4102-A776-F10E76C28C36}.Debug|Any CPU.ActiveCfg = Debug|Any CPU
		{1263A1AC-10E9-4102-A776-F10E76C28C36}.Debug|Any CPU.Build.0 = Debug|Any CPU
		{1263A1AC-10E9-4102-A776-F10E76C28C36}.Release|Any CPU.ActiveCfg = Release|Any CPU
		{1263A1AC-10E9-4102-A776-F10E76C28C36}.Release|Any CPU.Build.0 = Release|Any CPU
		{3598B72D-B2C2-4BA7-82F8-434104F1C4B2}.Debug|Any CPU.ActiveCfg = Debug|Any CPU
		{3598B72D-B2C2-4BA7-82F8-434104F1C4B2}.Debug|Any CPU.Build.0 = Debug|Any CPU
		{3598B72D-B2C2-4BA7-82F8-434104F1C4B2}.Release|Any CPU.ActiveCfg = Release|Any CPU
		{3598B72D-B2C2-4BA7-82F8-434104F1C4B2}.Release|Any CPU.Build.0 = Release|Any CPU
		{216CC509-38E1-4D35-8047-FE6A36FC2D5B}.Debug|Any CPU.ActiveCfg = Debug|Any CPU
		{216CC509-38E1-4D35-8047-FE6A36FC2D5B}.Debug|Any CPU.Build.0 = Debug|Any CPU
		{216CC509-38E1-4D35-8047-FE6A36FC2D5B}.Release|Any CPU.ActiveCfg = Release|Any CPU
		{216CC509-38E1-4D35-8047-FE6A36FC2D5B}.Release|Any CPU.Build.0 = Release|Any CPU
		{EDEF5149-3629-4715-AA51-1BE74E50E8A4}.Debug|Any CPU.ActiveCfg = Debug|Any CPU
		{EDEF5149-3629-4715-AA51-1BE74E50E8A4}.Debug|Any CPU.Build.0 = Debug|Any CPU
		{EDEF5149-3629-4715-AA51-1BE74E50E8A4}.Release|Any CPU.ActiveCfg = Release|Any CPU
		{EDEF5149-3629-4715-AA51-1BE74E50E8A4}.Release|Any CPU.Build.0 = Release|Any CPU
	EndGlobalSection
EndGlobal
